
Microsoft Visual Studio Solution File, Format Version 12.00
# Visual Studio 2013
VisualStudioVersion = 12.0.31101.0
MinimumVisualStudioVersion = 10.0.40219.1
Project("{FAE04EC0-301F-11D3-BF4B-00C04F79EFBC}") = "01.HTML-Tables", "01.HTML-Tables\01.HTML-Tables.csproj", "{2A4D786A-C507-4A4D-9B62-0EBB5AC74F2E}"
EndProject
Project("{FAE04EC0-301F-11D3-BF4B-00C04F79EFBC}") = "02.HTML-Form", "02.HTML-Form\02.HTML-Form.csproj", "{29D28FC6-1CDE-43DA-BB79-73A5E8CC7FF1}"
EndProject
Project("{FAE04EC0-301F-11D3-BF4B-00C04F79EFBC}") = "03.Calculator", "03.Calculator\03.Calculator.csproj", "{525057A0-20AD-4A83-9F3F-0D4772C592EF}"
EndProject
Global
	GlobalSection(SolutionConfigurationPlatforms) = preSolution
		Debug|Any CPU = Debug|Any CPU
		Release|Any CPU = Release|Any CPU
	EndGlobalSection
	GlobalSection(ProjectConfigurationPlatforms) = postSolution
		{2A4D786A-C507-4A4D-9B62-0EBB5AC74F2E}.Debug|Any CPU.ActiveCfg = Debug|Any CPU
		{2A4D786A-C507-4A4D-9B62-0EBB5AC74F2E}.Debug|Any CPU.Build.0 = Debug|Any CPU
		{2A4D786A-C507-4A4D-9B62-0EBB5AC74F2E}.Release|Any CPU.ActiveCfg = Release|Any CPU
		{2A4D786A-C507-4A4D-9B62-0EBB5AC74F2E}.Release|Any CPU.Build.0 = Release|Any CPU
		{29D28FC6-1CDE-43DA-BB79-73A5E8CC7FF1}.Debug|Any CPU.ActiveCfg = Debug|Any CPU
		{29D28FC6-1CDE-43DA-BB79-73A5E8CC7FF1}.Debug|Any CPU.Build.0 = Debug|Any CPU
		{29D28FC6-1CDE-43DA-BB79-73A5E8CC7FF1}.Release|Any CPU.ActiveCfg = Release|Any CPU
		{29D28FC6-1CDE-43DA-BB79-73A5E8CC7FF1}.Release|Any CPU.Build.0 = Release|Any CPU
		{525057A0-20AD-4A83-9F3F-0D4772C592EF}.Debug|Any CPU.ActiveCfg = Debug|Any CPU
		{525057A0-20AD-4A83-9F3F-0D4772C592EF}.Debug|Any CPU.Build.0 = Debug|Any CPU
		{525057A0-20AD-4A83-9F3F-0D4772C592EF}.Release|Any CPU.ActiveCfg = Release|Any CPU
		{525057A0-20AD-4A83-9F3F-0D4772C592EF}.Release|Any CPU.Build.0 = Release|Any CPU
	EndGlobalSection
	GlobalSection(SolutionProperties) = preSolution
		HideSolutionNode = FALSE
	EndGlobalSection
EndGlobal
